
Microsoft Visual Studio Solution File, Format Version 12.00
# Visual Studio Version 16
VisualStudioVersion = 16.0.30517.126
MinimumVisualStudioVersion = 10.0.40219.1
Project("{2150E333-8FDC-42A3-9474-1A3956D46DE8}") = "Creational", "Creational", "{A1D866AC-E49B-4BA8-AA9F-CE75959B3297}"
EndProject
Project("{FAE04EC0-301F-11D3-BF4B-00C04F79EFBC}") = "Singleton", "Creational\Singleton\Singleton.csproj", "{E1CC321F-BAC3-4F9C-AAF4-C27D97EA6005}"
EndProject
Project("{FAE04EC0-301F-11D3-BF4B-00C04F79EFBC}") = "FactoryMethod", "Creational\FactoryMethod\FactoryMethod.csproj", "{64D52E65-3FF5-4935-82CC-7B1D7C753C40}"
EndProject
Project("{FAE04EC0-301F-11D3-BF4B-00C04F79EFBC}") = "AbstractFactory", "Creational\AbstractFactory\AbstractFactory.csproj", "{6FEBDF32-CE90-49D5-AE84-9B57EF5EA3CA}"
EndProject
Project("{FAE04EC0-301F-11D3-BF4B-00C04F79EFBC}") = "Builder", "Creational\Builder\Builder.csproj", "{45086F07-35A0-419D-9314-57FF14175887}"
EndProject
Project("{FAE04EC0-301F-11D3-BF4B-00C04F79EFBC}") = "Prototype", "Creational\Prototype\Prototype.csproj", "{414B0969-A02E-4849-B241-50B198A64CD1}"
EndProject
Project("{2150E333-8FDC-42A3-9474-1A3956D46DE8}") = "Structural", "Structural", "{494277B5-CAE6-464D-8209-75312E5E521C}"
EndProject
Project("{FAE04EC0-301F-11D3-BF4B-00C04F79EFBC}") = "Adapter", "Structural\Adapter\Adapter.csproj", "{A5A13DF3-D7E5-4B80-8EA1-D61B58A0ABDF}"
EndProject
Project("{FAE04EC0-301F-11D3-BF4B-00C04F79EFBC}") = "Bridge", "Structural\Bridge\Bridge.csproj", "{0CD6696F-D46E-4D5A-9EFD-F74924426EE0}"
EndProject
Project("{FAE04EC0-301F-11D3-BF4B-00C04F79EFBC}") = "Composite", "Structural\Composite\Composite.csproj", "{7E911CF1-C6E6-45A0-8C5C-D04E72D607C0}"
EndProject
Project("{FAE04EC0-301F-11D3-BF4B-00C04F79EFBC}") = "Decorator", "Structural\Decorator\Decorator.csproj", "{39C22622-3052-4A2B-9AEB-6CAF05F2784B}"
EndProject
Project("{FAE04EC0-301F-11D3-BF4B-00C04F79EFBC}") = "Facade", "Structural\Facade\Facade.csproj", "{A7DEBA19-288E-42DA-B053-2A17704EA368}"
EndProject
Project("{FAE04EC0-301F-11D3-BF4B-00C04F79EFBC}") = "Flyweight", "Structural\Flyweight\Flyweight.csproj", "{9758904E-4779-405F-B998-E9E872037921}"
EndProject
Project("{FAE04EC0-301F-11D3-BF4B-00C04F79EFBC}") = "Proxy", "Structural\Proxy\Proxy.csproj", "{83759F40-EE85-4D94-8C91-17836AD39CF6}"
EndProject
Project("{2150E333-8FDC-42A3-9474-1A3956D46DE8}") = "Behavioral", "Behavioral", "{E1A7E2AD-A799-4F33-BC27-3069538E19A4}"
EndProject
Project("{FAE04EC0-301F-11D3-BF4B-00C04F79EFBC}") = "ChainOfResponsibility", "Behavioral\ChainOfResponsibility\ChainOfResponsibility.csproj", "{7538CC43-02B6-42F4-90EA-47C517ED7734}"
EndProject
Project("{FAE04EC0-301F-11D3-BF4B-00C04F79EFBC}") = "Command", "Behavioral\Command\Command.csproj", "{B81A3DDF-C03E-47D0-BE95-07783D1C957E}"
EndProject
Project("{FAE04EC0-301F-11D3-BF4B-00C04F79EFBC}") = "Interpreter", "Behavioral\Interpreter\Interpreter.csproj", "{2E6B9B4F-241A-41FC-AD1B-0CA077FF5374}"
EndProject
Project("{FAE04EC0-301F-11D3-BF4B-00C04F79EFBC}") = "Iterator", "Behavioral\Iterator\Iterator.csproj", "{159D4E01-CC63-4A21-8BBF-14FBCE4A121C}"
EndProject
Project("{FAE04EC0-301F-11D3-BF4B-00C04F79EFBC}") = "Mediator", "Behavioral\Mediator\Mediator.csproj", "{3373C3A0-28EF-45E2-9726-604B830932BE}"
EndProject
Project("{FAE04EC0-301F-11D3-BF4B-00C04F79EFBC}") = "Memento", "Behavioral\Memento\Memento.csproj", "{D4F157FD-5805-4EC6-9530-C30B5E07AF45}"
EndProject
Project("{FAE04EC0-301F-11D3-BF4B-00C04F79EFBC}") = "Observer", "Behavioral\Observer\Observer.csproj", "{16511BC0-79CA-4C86-A6A9-CC9C54CB1D7E}"
EndProject
Project("{FAE04EC0-301F-11D3-BF4B-00C04F79EFBC}") = "State", "Behavioral\State\State.csproj", "{164522EE-A6D1-41EC-8F18-24186EA6F153}"
EndProject
Project("{FAE04EC0-301F-11D3-BF4B-00C04F79EFBC}") = "Strategy", "Behavioral\Strategy\Strategy.csproj", "{6C75191E-E124-43A1-8AEC-5AD75BA0DA44}"
EndProject
Project("{FAE04EC0-301F-11D3-BF4B-00C04F79EFBC}") = "TemplateMethod", "Behavioral\TemplateMethod\TemplateMethod.csproj", "{41530135-A994-4734-AE27-EC7AB17097D6}"
EndProject
Project("{FAE04EC0-301F-11D3-BF4B-00C04F79EFBC}") = "Visitor", "Behavioral\Visitor\Visitor.csproj", "{3C53A3AD-FF07-4E9F-A57A-4FDD26B34B02}"
EndProject
Global
	GlobalSection(SolutionConfigurationPlatforms) = preSolution
		Debug|Any CPU = Debug|Any CPU
		Release|Any CPU = Release|Any CPU
	EndGlobalSection
	GlobalSection(ProjectConfigurationPlatforms) = postSolution
		{E1CC321F-BAC3-4F9C-AAF4-C27D97EA6005}.Debug|Any CPU.ActiveCfg = Debug|Any CPU
		{E1CC321F-BAC3-4F9C-AAF4-C27D97EA6005}.Debug|Any CPU.Build.0 = Debug|Any CPU
		{E1CC321F-BAC3-4F9C-AAF4-C27D97EA6005}.Release|Any CPU.ActiveCfg = Release|Any CPU
		{E1CC321F-BAC3-4F9C-AAF4-C27D97EA6005}.Release|Any CPU.Build.0 = Release|Any CPU
		{64D52E65-3FF5-4935-82CC-7B1D7C753C40}.Debug|Any CPU.ActiveCfg = Debug|Any CPU
		{64D52E65-3FF5-4935-82CC-7B1D7C753C40}.Debug|Any CPU.Build.0 = Debug|Any CPU
		{64D52E65-3FF5-4935-82CC-7B1D7C753C40}.Release|Any CPU.ActiveCfg = Release|Any CPU
		{64D52E65-3FF5-4935-82CC-7B1D7C753C40}.Release|Any CPU.Build.0 = Release|Any CPU
		{6FEBDF32-CE90-49D5-AE84-9B57EF5EA3CA}.Debug|Any CPU.ActiveCfg = Debug|Any CPU
		{6FEBDF32-CE90-49D5-AE84-9B57EF5EA3CA}.Debug|Any CPU.Build.0 = Debug|Any CPU
		{6FEBDF32-CE90-49D5-AE84-9B57EF5EA3CA}.Release|Any CPU.ActiveCfg = Release|Any CPU
		{6FEBDF32-CE90-49D5-AE84-9B57EF5EA3CA}.Release|Any CPU.Build.0 = Release|Any CPU
		{45086F07-35A0-419D-9314-57FF14175887}.Debug|Any CPU.ActiveCfg = Debug|Any CPU
		{45086F07-35A0-419D-9314-57FF14175887}.Debug|Any CPU.Build.0 = Debug|Any CPU
		{45086F07-35A0-419D-9314-57FF14175887}.Release|Any CPU.ActiveCfg = Release|Any CPU
		{45086F07-35A0-419D-9314-57FF14175887}.Release|Any CPU.Build.0 = Release|Any CPU
		{414B0969-A02E-4849-B241-50B198A64CD1}.Debug|Any CPU.ActiveCfg = Debug|Any CPU
		{414B0969-A02E-4849-B241-50B198A64CD1}.Debug|Any CPU.Build.0 = Debug|Any CPU
		{414B0969-A02E-4849-B241-50B198A64CD1}.Release|Any CPU.ActiveCfg = Release|Any CPU
		{414B0969-A02E-4849-B241-50B198A64CD1}.Release|Any CPU.Build.0 = Release|Any CPU
		{A5A13DF3-D7E5-4B80-8EA1-D61B58A0ABDF}.Debug|Any CPU.ActiveCfg = Debug|Any CPU
		{A5A13DF3-D7E5-4B80-8EA1-D61B58A0ABDF}.Debug|Any CPU.Build.0 = Debug|Any CPU
		{A5A13DF3-D7E5-4B80-8EA1-D61B58A0ABDF}.Release|Any CPU.ActiveCfg = Release|Any CPU
		{A5A13DF3-D7E5-4B80-8EA1-D61B58A0ABDF}.Release|Any CPU.Build.0 = Release|Any CPU
		{0CD6696F-D46E-4D5A-9EFD-F74924426EE0}.Debug|Any CPU.ActiveCfg = Debug|Any CPU
		{0CD6696F-D46E-4D5A-9EFD-F74924426EE0}.Debug|Any CPU.Build.0 = Debug|Any CPU
		{0CD6696F-D46E-4D5A-9EFD-F74924426EE0}.Release|Any CPU.ActiveCfg = Release|Any CPU
		{0CD6696F-D46E-4D5A-9EFD-F74924426EE0}.Release|Any CPU.Build.0 = Release|Any CPU
		{7E911CF1-C6E6-45A0-8C5C-D04E72D607C0}.Debug|Any CPU.ActiveCfg = Debug|Any CPU
		{7E911CF1-C6E6-45A0-8C5C-D04E72D607C0}.Debug|Any CPU.Build.0 = Debug|Any CPU
		{7E911CF1-C6E6-45A0-8C5C-D04E72D607C0}.Release|Any CPU.ActiveCfg = Release|Any CPU
		{7E911CF1-C6E6-45A0-8C5C-D04E72D607C0}.Release|Any CPU.Build.0 = Release|Any CPU
		{39C22622-3052-4A2B-9AEB-6CAF05F2784B}.Debug|Any CPU.ActiveCfg = Debug|Any CPU
		{39C22622-3052-4A2B-9AEB-6CAF05F2784B}.Debug|Any CPU.Build.0 = Debug|Any CPU
		{39C22622-3052-4A2B-9AEB-6CAF05F2784B}.Release|Any CPU.ActiveCfg = Release|Any CPU
		{39C22622-3052-4A2B-9AEB-6CAF05F2784B}.Release|Any CPU.Build.0 = Release|Any CPU
		{A7DEBA19-288E-42DA-B053-2A17704EA368}.Debug|Any CPU.ActiveCfg = Debug|Any CPU
		{A7DEBA19-288E-42DA-B053-2A17704EA368}.Debug|Any CPU.Build.0 = Debug|Any CPU
		{A7DEBA19-288E-42DA-B053-2A17704EA368}.Release|Any CPU.ActiveCfg = Release|Any CPU
		{A7DEBA19-288E-42DA-B053-2A17704EA368}.Release|Any CPU.Build.0 = Release|Any CPU
		{9758904E-4779-405F-B998-E9E872037921}.Debug|Any CPU.ActiveCfg = Debug|Any CPU
		{9758904E-4779-405F-B998-E9E872037921}.Debug|Any CPU.Build.0 = Debug|Any CPU
		{9758904E-4779-405F-B998-E9E872037921}.Release|Any CPU.ActiveCfg = Release|Any CPU
		{9758904E-4779-405F-B998-E9E872037921}.Release|Any CPU.Build.0 = Release|Any CPU
		{83759F40-EE85-4D94-8C91-17836AD39CF6}.Debug|Any CPU.ActiveCfg = Debug|Any CPU
		{83759F40-EE85-4D94-8C91-17836AD39CF6}.Debug|Any CPU.Build.0 = Debug|Any CPU
		{83759F40-EE85-4D94-8C91-17836AD39CF6}.Release|Any CPU.ActiveCfg = Release|Any CPU
		{83759F40-EE85-4D94-8C91-17836AD39CF6}.Release|Any CPU.Build.0 = Release|Any CPU
		{7538CC43-02B6-42F4-90EA-47C517ED7734}.Debug|Any CPU.ActiveCfg = Debug|Any CPU
		{7538CC43-02B6-42F4-90EA-47C517ED7734}.Debug|Any CPU.Build.0 = Debug|Any CPU
		{7538CC43-02B6-42F4-90EA-47C517ED7734}.Release|Any CPU.ActiveCfg = Release|Any CPU
		{7538CC43-02B6-42F4-90EA-47C517ED7734}.Release|Any CPU.Build.0 = Release|Any CPU
		{B81A3DDF-C03E-47D0-BE95-07783D1C957E}.Debug|Any CPU.ActiveCfg = Debug|Any CPU
		{B81A3DDF-C03E-47D0-BE95-07783D1C957E}.Debug|Any CPU.Build.0 = Debug|Any CPU
		{B81A3DDF-C03E-47D0-BE95-07783D1C957E}.Release|Any CPU.ActiveCfg = Release|Any CPU
		{B81A3DDF-C03E-47D0-BE95-07783D1C957E}.Release|Any CPU.Build.0 = Release|Any CPU
		{2E6B9B4F-241A-41FC-AD1B-0CA077FF5374}.Debug|Any CPU.ActiveCfg = Debug|Any CPU
		{2E6B9B4F-241A-41FC-AD1B-0CA077FF5374}.Debug|Any CPU.Build.0 = Debug|Any CPU
		{2E6B9B4F-241A-41FC-AD1B-0CA077FF5374}.Release|Any CPU.ActiveCfg = Release|Any CPU
		{2E6B9B4F-241A-41FC-AD1B-0CA077FF5374}.Release|Any CPU.Build.0 = Release|Any CPU
		{159D4E01-CC63-4A21-8BBF-14FBCE4A121C}.Debug|Any CPU.ActiveCfg = Debug|Any CPU
		{159D4E01-CC63-4A21-8BBF-14FBCE4A121C}.Debug|Any CPU.Build.0 = Debug|Any CPU
		{159D4E01-CC63-4A21-8BBF-14FBCE4A121C}.Release|Any CPU.ActiveCfg = Release|Any CPU
		{159D4E01-CC63-4A21-8BBF-14FBCE4A121C}.Release|Any CPU.Build.0 = Release|Any CPU
		{3373C3A0-28EF-45E2-9726-604B830932BE}.Debug|Any CPU.ActiveCfg = Debug|Any CPU
		{3373C3A0-28EF-45E2-9726-604B830932BE}.Debug|Any CPU.Build.0 = Debug|Any CPU
		{3373C3A0-28EF-45E2-9726-604B830932BE}.Release|Any CPU.ActiveCfg = Release|Any CPU
		{3373C3A0-28EF-45E2-9726-604B830932BE}.Release|Any CPU.Build.0 = Release|Any CPU
		{D4F157FD-5805-4EC6-9530-C30B5E07AF45}.Debug|Any CPU.ActiveCfg = Debug|Any CPU
		{D4F157FD-5805-4EC6-9530-C30B5E07AF45}.Debug|Any CPU.Build.0 = Debug|Any CPU
		{D4F157FD-5805-4EC6-9530-C30B5E07AF45}.Release|Any CPU.ActiveCfg = Release|Any CPU
		{D4F157FD-5805-4EC6-9530-C30B5E07AF45}.Release|Any CPU.Build.0 = Release|Any CPU
		{16511BC0-79CA-4C86-A6A9-CC9C54CB1D7E}.Debug|Any CPU.ActiveCfg = Debug|Any CPU
		{16511BC0-79CA-4C86-A6A9-CC9C54CB1D7E}.Debug|Any CPU.Build.0 = Debug|Any CPU
		{16511BC0-79CA-4C86-A6A9-CC9C54CB1D7E}.Release|Any CPU.ActiveCfg = Release|Any CPU
		{16511BC0-79CA-4C86-A6A9-CC9C54CB1D7E}.Release|Any CPU.Build.0 = Release|Any CPU
		{164522EE-A6D1-41EC-8F18-24186EA6F153}.Debug|Any CPU.ActiveCfg = Debug|Any CPU
		{164522EE-A6D1-41EC-8F18-24186EA6F153}.Debug|Any CPU.Build.0 = Debug|Any CPU
		{164522EE-A6D1-41EC-8F18-24186EA6F153}.Release|Any CPU.ActiveCfg = Release|Any CPU
		{164522EE-A6D1-41EC-8F18-24186EA6F153}.Release|Any CPU.Build.0 = Release|Any CPU
		{6C75191E-E124-43A1-8AEC-5AD75BA0DA44}.Debug|Any CPU.ActiveCfg = Debug|Any CPU
		{6C75191E-E124-43A1-8AEC-5AD75BA0DA44}.Debug|Any CPU.Build.0 = Debug|Any CPU
		{6C75191E-E124-43A1-8AEC-5AD75BA0DA44}.Release|Any CPU.ActiveCfg = Release|Any CPU
		{6C75191E-E124-43A1-8AEC-5AD75BA0DA44}.Release|Any CPU.Build.0 = Release|Any CPU
		{41530135-A994-4734-AE27-EC7AB17097D6}.Debug|Any CPU.ActiveCfg = Debug|Any CPU
		{41530135-A994-4734-AE27-EC7AB17097D6}.Debug|Any CPU.Build.0 = Debug|Any CPU
		{41530135-A994-4734-AE27-EC7AB17097D6}.Release|Any CPU.ActiveCfg = Release|Any CPU
		{41530135-A994-4734-AE27-EC7AB17097D6}.Release|Any CPU.Build.0 = Release|Any CPU
		{3C53A3AD-FF07-4E9F-A57A-4FDD26B34B02}.Debug|Any CPU.ActiveCfg = Debug|Any CPU
		{3C53A3AD-FF07-4E9F-A57A-4FDD26B34B02}.Debug|Any CPU.Build.0 = Debug|Any CPU
		{3C53A3AD-FF07-4E9F-A57A-4FDD26B34B02}.Release|Any CPU.ActiveCfg = Release|Any CPU
		{3C53A3AD-FF07-4E9F-A57A-4FDD26B34B02}.Release|Any CPU.Build.0 = Release|Any CPU
	EndGlobalSection
	GlobalSection(SolutionProperties) = preSolution
		HideSolutionNode = FALSE
	EndGlobalSection
	GlobalSection(NestedProjects) = preSolution
		{E1CC321F-BAC3-4F9C-AAF4-C27D97EA6005} = {A1D866AC-E49B-4BA8-AA9F-CE75959B3297}
		{64D52E65-3FF5-4935-82CC-7B1D7C753C40} = {A1D866AC-E49B-4BA8-AA9F-CE75959B3297}
		{6FEBDF32-CE90-49D5-AE84-9B57EF5EA3CA} = {A1D866AC-E49B-4BA8-AA9F-CE75959B3297}
		{45086F07-35A0-419D-9314-57FF14175887} = {A1D866AC-E49B-4BA8-AA9F-CE75959B3297}
		{414B0969-A02E-4849-B241-50B198A64CD1} = {A1D866AC-E49B-4BA8-AA9F-CE75959B3297}
		{A5A13DF3-D7E5-4B80-8EA1-D61B58A0ABDF} = {494277B5-CAE6-464D-8209-75312E5E521C}
		{0CD6696F-D46E-4D5A-9EFD-F74924426EE0} = {494277B5-CAE6-464D-8209-75312E5E521C}
		{7E911CF1-C6E6-45A0-8C5C-D04E72D607C0} = {494277B5-CAE6-464D-8209-75312E5E521C}
		{39C22622-3052-4A2B-9AEB-6CAF05F2784B} = {494277B5-CAE6-464D-8209-75312E5E521C}
		{A7DEBA19-288E-42DA-B053-2A17704EA368} = {494277B5-CAE6-464D-8209-75312E5E521C}
		{9758904E-4779-405F-B998-E9E872037921} = {494277B5-CAE6-464D-8209-75312E5E521C}
		{83759F40-EE85-4D94-8C91-17836AD39CF6} = {494277B5-CAE6-464D-8209-75312E5E521C}
		{7538CC43-02B6-42F4-90EA-47C517ED7734} = {E1A7E2AD-A799-4F33-BC27-3069538E19A4}
		{B81A3DDF-C03E-47D0-BE95-07783D1C957E} = {E1A7E2AD-A799-4F33-BC27-3069538E19A4}
		{2E6B9B4F-241A-41FC-AD1B-0CA077FF5374} = {E1A7E2AD-A799-4F33-BC27-3069538E19A4}
		{159D4E01-CC63-4A21-8BBF-14FBCE4A121C} = {E1A7E2AD-A799-4F33-BC27-3069538E19A4}
		{3373C3A0-28EF-45E2-9726-604B830932BE} = {E1A7E2AD-A799-4F33-BC27-3069538E19A4}
		{D4F157FD-5805-4EC6-9530-C30B5E07AF45} = {E1A7E2AD-A799-4F33-BC27-3069538E19A4}
		{16511BC0-79CA-4C86-A6A9-CC9C54CB1D7E} = {E1A7E2AD-A799-4F33-BC27-3069538E19A4}
		{164522EE-A6D1-41EC-8F18-24186EA6F153} = {E1A7E2AD-A799-4F33-BC27-3069538E19A4}
		{6C75191E-E124-43A1-8AEC-5AD75BA0DA44} = {E1A7E2AD-A799-4F33-BC27-3069538E19A4}
		{41530135-A994-4734-AE27-EC7AB17097D6} = {E1A7E2AD-A799-4F33-BC27-3069538E19A4}
		{3C53A3AD-FF07-4E9F-A57A-4FDD26B34B02} = {E1A7E2AD-A799-4F33-BC27-3069538E19A4}
	EndGlobalSection
	GlobalSection(ExtensibilityGlobals) = postSolution
		SolutionGuid = {FBFCFC4F-73DD-44ED-852E-D894F735E4A0}
	EndGlobalSection
EndGlobal
