
Microsoft Visual Studio Solution File, Format Version 12.00
# Visual Studio Version 16
VisualStudioVersion = 16.0.30517.126
MinimumVisualStudioVersion = 10.0.40219.1
Project("{FAE04EC0-301F-11D3-BF4B-00C04F79EFBC}") = "Command", "Command.csproj", "{B81A3DDF-C03E-47D0-BE95-07783D1C957E}"
EndProject
Global
	GlobalSection(SolutionConfigurationPlatforms) = preSolution
		Debug|Any CPU = Debug|Any CPU
		Release|Any CPU = Release|Any CPU
	EndGlobalSection
	GlobalSection(ProjectConfigurationPlatforms) = postSolution
		{B81A3DDF-C03E-47D0-BE95-07783D1C957E}.Debug|Any CPU.ActiveCfg = Debug|Any CPU
		{B81A3DDF-C03E-47D0-BE95-07783D1C957E}.Debug|Any CPU.Build.0 = Debug|Any CPU
		{B81A3DDF-C03E-47D0-BE95-07783D1C957E}.Release|Any CPU.ActiveCfg = Release|Any CPU
		{B81A3DDF-C03E-47D0-BE95-07783D1C957E}.Release|Any CPU.Build.0 = Release|Any CPU
	EndGlobalSection
	GlobalSection(SolutionProperties) = preSolution
		HideSolutionNode = FALSE
	EndGlobalSection
	GlobalSection(ExtensibilityGlobals) = postSolution
		SolutionGuid = {A1B1CC76-B96C-4728-929F-F2CEA92A13AD}
	EndGlobalSection
EndGlobal
