
Microsoft Visual Studio Solution File, Format Version 12.00
# Visual Studio Version 16
VisualStudioVersion = 16.0.30517.126
MinimumVisualStudioVersion = 10.0.40219.1
Project("{FAE04EC0-301F-11D3-BF4B-00C04F79EFBC}") = "Adapter", "Adapter.csproj", "{A5A13DF3-D7E5-4B80-8EA1-D61B58A0ABDF}"
EndProject
Global
	GlobalSection(SolutionConfigurationPlatforms) = preSolution
		Debug|Any CPU = Debug|Any CPU
		Release|Any CPU = Release|Any CPU
	EndGlobalSection
	GlobalSection(ProjectConfigurationPlatforms) = postSolution
		{A5A13DF3-D7E5-4B80-8EA1-D61B58A0ABDF}.Debug|Any CPU.ActiveCfg = Debug|Any CPU
		{A5A13DF3-D7E5-4B80-8EA1-D61B58A0ABDF}.Debug|Any CPU.Build.0 = Debug|Any CPU
		{A5A13DF3-D7E5-4B80-8EA1-D61B58A0ABDF}.Release|Any CPU.ActiveCfg = Release|Any CPU
		{A5A13DF3-D7E5-4B80-8EA1-D61B58A0ABDF}.Release|Any CPU.Build.0 = Release|Any CPU
	EndGlobalSection
	GlobalSection(SolutionProperties) = preSolution
		HideSolutionNode = FALSE
	EndGlobalSection
	GlobalSection(ExtensibilityGlobals) = postSolution
		SolutionGuid = {5C2FB893-5D6B-4AA2-9FCB-331E76AD5B43}
	EndGlobalSection
EndGlobal
