
Microsoft Visual Studio Solution File, Format Version 12.00
# Visual Studio Version 16
VisualStudioVersion = 16.0.30517.126
MinimumVisualStudioVersion = 10.0.40219.1
Project("{FAE04EC0-301F-11D3-BF4B-00C04F79EFBC}") = "TemplateMethod", "TemplateMethod.csproj", "{41530135-A994-4734-AE27-EC7AB17097D6}"
EndProject
Global
	GlobalSection(SolutionConfigurationPlatforms) = preSolution
		Debug|Any CPU = Debug|Any CPU
		Release|Any CPU = Release|Any CPU
	EndGlobalSection
	GlobalSection(ProjectConfigurationPlatforms) = postSolution
		{41530135-A994-4734-AE27-EC7AB17097D6}.Debug|Any CPU.ActiveCfg = Debug|Any CPU
		{41530135-A994-4734-AE27-EC7AB17097D6}.Debug|Any CPU.Build.0 = Debug|Any CPU
		{41530135-A994-4734-AE27-EC7AB17097D6}.Release|Any CPU.ActiveCfg = Release|Any CPU
		{41530135-A994-4734-AE27-EC7AB17097D6}.Release|Any CPU.Build.0 = Release|Any CPU
	EndGlobalSection
	GlobalSection(SolutionProperties) = preSolution
		HideSolutionNode = FALSE
	EndGlobalSection
	GlobalSection(ExtensibilityGlobals) = postSolution
		SolutionGuid = {B7DA2D18-73D3-4CCB-8F7E-94A87B1F8950}
	EndGlobalSection
EndGlobal
